using System.IdentityModel.Tokens.Jwt;
using System.Text;
using MediQuest.Api.Models;
using Microsoft.Extensions.Options;
using Microsoft.IdentityModel.Tokens;
using JwtClaim = System.Security.Claims.Claim;

namespace MediQuest.Api.Services;

public class AuthOptions
{
    public string Issuer { get; set; } = string.Empty;
    public string Audience { get; set; } = string.Empty;
    public string SigningKey { get; set; } = string.Empty;
    public int AccessTokenMinutes { get; set; } = 60;
}

public class JwtTokenService
{
    private readonly AuthOptions _options;

    public JwtTokenService(IOptions<AuthOptions> options)
    {
        _options = options.Value;
    }

    public (string Token, int ExpiresIn) CreateToken(AppUser user)
    {
        var expires = DateTime.UtcNow.AddMinutes(_options.AccessTokenMinutes);
        var claims = new List<JwtClaim>
        {
            new JwtClaim(JwtRegisteredClaimNames.Sub, user.Id),
            new JwtClaim(JwtRegisteredClaimNames.Email, user.Email ?? string.Empty),
            new JwtClaim("displayName", user.DisplayName)
        };

        var key = new SymmetricSecurityKey(Encoding.UTF8.GetBytes(_options.SigningKey));
        var creds = new SigningCredentials(key, SecurityAlgorithms.HmacSha256);

        var token = new JwtSecurityToken(
            issuer: _options.Issuer,
            audience: _options.Audience,
            claims: claims,
            expires: expires,
            signingCredentials: creds);

        return (new JwtSecurityTokenHandler().WriteToken(token), (int)TimeSpan.FromMinutes(_options.AccessTokenMinutes).TotalSeconds);
    }
}
